
Microsoft Visual Studio Solution File, Format Version 12.00
# Visual Studio 15
VisualStudioVersion = 15.0.28307.168
MinimumVisualStudioVersion = 10.0.40219.1
Project("{FAE04EC0-301F-11D3-BF4B-00C04F79EFBC}") = "Cede_ASP_MVC_Events_Base", "Cede_ASP_MVC_Events_Base\Cede_ASP_MVC_Events_Base.csproj", "{8061BDCB-06D9-4E2B-A2E6-2DEBF8052B68}"
EndProject
Project("{FAE04EC0-301F-11D3-BF4B-00C04F79EFBC}") = "Cede_ASP_MVC_Events_Main", "Cede_ASP_MVC_Events_Main\Cede_ASP_MVC_Events_Main.csproj", "{C1AE2916-BBCF-4D26-B975-965489A5BB5F}"
	ProjectSection(ProjectDependencies) = postProject
		{8D05B1A7-6FE4-4F38-9531-A65579825AA0} = {8D05B1A7-6FE4-4F38-9531-A65579825AA0}
	EndProjectSection
EndProject
Project("{FAE04EC0-301F-11D3-BF4B-00C04F79EFBC}") = "Cede_ASP_MVC_Events_Main.Tests", "Cede_ASP_MVC_Events_Main.Tests\Cede_ASP_MVC_Events_Main.Tests.csproj", "{CAA6177D-9BFA-433C-B3D0-024F28CB3907}"
EndProject
Project("{FAE04EC0-301F-11D3-BF4B-00C04F79EFBC}") = "Cede_ASP_MVC_Events_EntityFramework", "Cede_ASP_MVC_Events_EntityFramework\Cede_ASP_MVC_Events_EntityFramework.csproj", "{2CE5E761-3D28-4B0F-8A4D-936058B08571}"
EndProject
Project("{2150E333-8FDC-42A3-9474-1A3956D46DE8}") = "Web Services", "Web Services", "{1032F4EE-9BE7-415A-B9C0-2A69C628D5D1}"
EndProject
Project("{FAE04EC0-301F-11D3-BF4B-00C04F79EFBC}") = "EventterWebService", "EventterWebService\EventterWebService.csproj", "{8D05B1A7-6FE4-4F38-9531-A65579825AA0}"
EndProject
Global
	GlobalSection(SolutionConfigurationPlatforms) = preSolution
		Debug|Any CPU = Debug|Any CPU
		Release|Any CPU = Release|Any CPU
	EndGlobalSection
	GlobalSection(ProjectConfigurationPlatforms) = postSolution
		{8061BDCB-06D9-4E2B-A2E6-2DEBF8052B68}.Debug|Any CPU.ActiveCfg = Debug|Any CPU
		{8061BDCB-06D9-4E2B-A2E6-2DEBF8052B68}.Debug|Any CPU.Build.0 = Debug|Any CPU
		{8061BDCB-06D9-4E2B-A2E6-2DEBF8052B68}.Release|Any CPU.ActiveCfg = Release|Any CPU
		{8061BDCB-06D9-4E2B-A2E6-2DEBF8052B68}.Release|Any CPU.Build.0 = Release|Any CPU
		{C1AE2916-BBCF-4D26-B975-965489A5BB5F}.Debug|Any CPU.ActiveCfg = Debug|Any CPU
		{C1AE2916-BBCF-4D26-B975-965489A5BB5F}.Debug|Any CPU.Build.0 = Debug|Any CPU
		{C1AE2916-BBCF-4D26-B975-965489A5BB5F}.Release|Any CPU.ActiveCfg = Release|Any CPU
		{C1AE2916-BBCF-4D26-B975-965489A5BB5F}.Release|Any CPU.Build.0 = Release|Any CPU
		{CAA6177D-9BFA-433C-B3D0-024F28CB3907}.Debug|Any CPU.ActiveCfg = Debug|Any CPU
		{CAA6177D-9BFA-433C-B3D0-024F28CB3907}.Debug|Any CPU.Build.0 = Debug|Any CPU
		{CAA6177D-9BFA-433C-B3D0-024F28CB3907}.Release|Any CPU.ActiveCfg = Release|Any CPU
		{CAA6177D-9BFA-433C-B3D0-024F28CB3907}.Release|Any CPU.Build.0 = Release|Any CPU
		{2CE5E761-3D28-4B0F-8A4D-936058B08571}.Debug|Any CPU.ActiveCfg = Debug|Any CPU
		{2CE5E761-3D28-4B0F-8A4D-936058B08571}.Debug|Any CPU.Build.0 = Debug|Any CPU
		{2CE5E761-3D28-4B0F-8A4D-936058B08571}.Release|Any CPU.ActiveCfg = Release|Any CPU
		{2CE5E761-3D28-4B0F-8A4D-936058B08571}.Release|Any CPU.Build.0 = Release|Any CPU
		{8D05B1A7-6FE4-4F38-9531-A65579825AA0}.Debug|Any CPU.ActiveCfg = Debug|Any CPU
		{8D05B1A7-6FE4-4F38-9531-A65579825AA0}.Debug|Any CPU.Build.0 = Debug|Any CPU
		{8D05B1A7-6FE4-4F38-9531-A65579825AA0}.Release|Any CPU.ActiveCfg = Release|Any CPU
		{8D05B1A7-6FE4-4F38-9531-A65579825AA0}.Release|Any CPU.Build.0 = Release|Any CPU
	EndGlobalSection
	GlobalSection(SolutionProperties) = preSolution
		HideSolutionNode = FALSE
	EndGlobalSection
	GlobalSection(NestedProjects) = preSolution
		{8D05B1A7-6FE4-4F38-9531-A65579825AA0} = {1032F4EE-9BE7-415A-B9C0-2A69C628D5D1}
	EndGlobalSection
	GlobalSection(ExtensibilityGlobals) = postSolution
		SolutionGuid = {C8C24EF5-DAB4-480D-9E69-BDAF65C4F4A6}
	EndGlobalSection
EndGlobal
